
Microsoft Visual Studio Solution File, Format Version 12.00
# Visual Studio Version 17
VisualStudioVersion = 17.8.34322.80
MinimumVisualStudioVersion = 10.0.40219.1
Project("{2150E333-8FDC-42A3-9474-1A3956D46DE8}") = "src", "src", "{0920EDC7-C1CD-43A2-B3F0-9CA5019E106D}"
EndProject
Project("{9A19103F-16F7-4668-BE54-9A1E7A4F7556}") = "Unni.Todo.Infrastructure", "Unni.ToDo.Infrastructure\Unni.Todo.Infrastructure.csproj", "{1952ED4B-E41C-4DF9-86F5-F02B8562CD1E}"
EndProject
Project("{2150E333-8FDC-42A3-9474-1A3956D46DE8}") = "tests", "tests", "{33F8D574-016E-4754-BA9D-421D0F368088}"
EndProject
Project("{9A19103F-16F7-4668-BE54-9A1E7A4F7556}") = "Unni.Todo.Domain", "Unni.Todo.Domain\Unni.Todo.Domain.csproj", "{9D2C138E-995B-48AE-BBCF-327A97560B09}"
EndProject
Project("{9A19103F-16F7-4668-BE54-9A1E7A4F7556}") = "Unni.Todo.Application", "Unni.Todo.Application\Unni.Todo.Application.csproj", "{2AC49C50-6D5B-4F6E-A36D-DC75B052F890}"
EndProject
Project("{FAE04EC0-301F-11D3-BF4B-00C04F79EFBC}") = "Unni.Todo.WebAPI", "Unni.Todo.WebAPI\Unni.Todo.WebAPI.csproj", "{123029FB-5B60-4698-B51F-FEC9D34AFCAD}"
EndProject
Project("{FAE04EC0-301F-11D3-BF4B-00C04F79EFBC}") = "Unni.Todo.FunctionalTests", "..\..\tests\ToDoService.Tests\Unni.Todo.FunctionalTests\Unni.Todo.FunctionalTests.csproj", "{29A88B1C-330F-42FE-B409-3EAD5133D37D}"
EndProject
Project("{FAE04EC0-301F-11D3-BF4B-00C04F79EFBC}") = "Unni.Todo.UnitTests", "..\..\tests\ToDoService.Tests\Unni.Todo.UnitTests\Unni.Todo.UnitTests.csproj", "{4914968D-03FB-4BF4-8B9A-53CDF7A383DC}"
EndProject
Global
	GlobalSection(SolutionConfigurationPlatforms) = preSolution
		Debug|Any CPU = Debug|Any CPU
		Release|Any CPU = Release|Any CPU
	EndGlobalSection
	GlobalSection(ProjectConfigurationPlatforms) = postSolution
		{1952ED4B-E41C-4DF9-86F5-F02B8562CD1E}.Debug|Any CPU.ActiveCfg = Debug|Any CPU
		{1952ED4B-E41C-4DF9-86F5-F02B8562CD1E}.Debug|Any CPU.Build.0 = Debug|Any CPU
		{1952ED4B-E41C-4DF9-86F5-F02B8562CD1E}.Release|Any CPU.ActiveCfg = Release|Any CPU
		{1952ED4B-E41C-4DF9-86F5-F02B8562CD1E}.Release|Any CPU.Build.0 = Release|Any CPU
		{9D2C138E-995B-48AE-BBCF-327A97560B09}.Debug|Any CPU.ActiveCfg = Debug|Any CPU
		{9D2C138E-995B-48AE-BBCF-327A97560B09}.Debug|Any CPU.Build.0 = Debug|Any CPU
		{9D2C138E-995B-48AE-BBCF-327A97560B09}.Release|Any CPU.ActiveCfg = Release|Any CPU
		{9D2C138E-995B-48AE-BBCF-327A97560B09}.Release|Any CPU.Build.0 = Release|Any CPU
		{2AC49C50-6D5B-4F6E-A36D-DC75B052F890}.Debug|Any CPU.ActiveCfg = Debug|Any CPU
		{2AC49C50-6D5B-4F6E-A36D-DC75B052F890}.Debug|Any CPU.Build.0 = Debug|Any CPU
		{2AC49C50-6D5B-4F6E-A36D-DC75B052F890}.Release|Any CPU.ActiveCfg = Release|Any CPU
		{2AC49C50-6D5B-4F6E-A36D-DC75B052F890}.Release|Any CPU.Build.0 = Release|Any CPU
		{123029FB-5B60-4698-B51F-FEC9D34AFCAD}.Debug|Any CPU.ActiveCfg = Debug|Any CPU
		{123029FB-5B60-4698-B51F-FEC9D34AFCAD}.Debug|Any CPU.Build.0 = Debug|Any CPU
		{123029FB-5B60-4698-B51F-FEC9D34AFCAD}.Release|Any CPU.ActiveCfg = Release|Any CPU
		{123029FB-5B60-4698-B51F-FEC9D34AFCAD}.Release|Any CPU.Build.0 = Release|Any CPU
		{29A88B1C-330F-42FE-B409-3EAD5133D37D}.Debug|Any CPU.ActiveCfg = Debug|Any CPU
		{29A88B1C-330F-42FE-B409-3EAD5133D37D}.Debug|Any CPU.Build.0 = Debug|Any CPU
		{29A88B1C-330F-42FE-B409-3EAD5133D37D}.Release|Any CPU.ActiveCfg = Release|Any CPU
		{29A88B1C-330F-42FE-B409-3EAD5133D37D}.Release|Any CPU.Build.0 = Release|Any CPU
		{4914968D-03FB-4BF4-8B9A-53CDF7A383DC}.Debug|Any CPU.ActiveCfg = Debug|Any CPU
		{4914968D-03FB-4BF4-8B9A-53CDF7A383DC}.Debug|Any CPU.Build.0 = Debug|Any CPU
		{4914968D-03FB-4BF4-8B9A-53CDF7A383DC}.Release|Any CPU.ActiveCfg = Release|Any CPU
		{4914968D-03FB-4BF4-8B9A-53CDF7A383DC}.Release|Any CPU.Build.0 = Release|Any CPU
	EndGlobalSection
	GlobalSection(SolutionProperties) = preSolution
		HideSolutionNode = FALSE
	EndGlobalSection
	GlobalSection(NestedProjects) = preSolution
		{1952ED4B-E41C-4DF9-86F5-F02B8562CD1E} = {0920EDC7-C1CD-43A2-B3F0-9CA5019E106D}
		{9D2C138E-995B-48AE-BBCF-327A97560B09} = {0920EDC7-C1CD-43A2-B3F0-9CA5019E106D}
		{2AC49C50-6D5B-4F6E-A36D-DC75B052F890} = {0920EDC7-C1CD-43A2-B3F0-9CA5019E106D}
		{123029FB-5B60-4698-B51F-FEC9D34AFCAD} = {0920EDC7-C1CD-43A2-B3F0-9CA5019E106D}
		{29A88B1C-330F-42FE-B409-3EAD5133D37D} = {33F8D574-016E-4754-BA9D-421D0F368088}
		{4914968D-03FB-4BF4-8B9A-53CDF7A383DC} = {33F8D574-016E-4754-BA9D-421D0F368088}
	EndGlobalSection
	GlobalSection(ExtensibilityGlobals) = postSolution
		SolutionGuid = {C702392D-0E1F-424E-8639-5FF30AB97860}
	EndGlobalSection
EndGlobal
