
Microsoft Visual Studio Solution File, Format Version 12.00
# Visual Studio Version 17
VisualStudioVersion = 17.8.34316.72
MinimumVisualStudioVersion = 10.0.40219.1
Project("{9A19103F-16F7-4668-BE54-9A1E7A4F7556}") = "Unni.ToDo.API", "Unni.ToDo.API\Unni.ToDo.API.csproj", "{EC549ADF-22C6-466B-9CA8-E826D1F0A3EE}"
EndProject
Project("{9A19103F-16F7-4668-BE54-9A1E7A4F7556}") = "Unni.ToDo.Tests", "Unni.ToDo.Tests\Unni.ToDo.Tests.csproj", "{A34415A1-2E7E-4721-9ADC-A6EB5995A1B0}"
EndProject
Project("{FAE04EC0-301F-11D3-BF4B-00C04F79EFBC}") = "Unni.ToDo.Common", "Unni.ToDo.Common\Unni.ToDo.Common.csproj", "{36F3572A-CD50-4E41-8883-1DBA830FDD30}"
EndProject
Project("{FAE04EC0-301F-11D3-BF4B-00C04F79EFBC}") = "Unni.ToDo.UI", "Unni.ToDo.UI\Unni.ToDo.UI.csproj", "{8572A738-3840-4D4A-85C0-81BD77610D9B}"
EndProject
Global
	GlobalSection(SolutionConfigurationPlatforms) = preSolution
		Debug|Any CPU = Debug|Any CPU
		Release|Any CPU = Release|Any CPU
	EndGlobalSection
	GlobalSection(ProjectConfigurationPlatforms) = postSolution
		{EC549ADF-22C6-466B-9CA8-E826D1F0A3EE}.Debug|Any CPU.ActiveCfg = Debug|Any CPU
		{EC549ADF-22C6-466B-9CA8-E826D1F0A3EE}.Debug|Any CPU.Build.0 = Debug|Any CPU
		{EC549ADF-22C6-466B-9CA8-E826D1F0A3EE}.Release|Any CPU.ActiveCfg = Release|Any CPU
		{EC549ADF-22C6-466B-9CA8-E826D1F0A3EE}.Release|Any CPU.Build.0 = Release|Any CPU
		{A34415A1-2E7E-4721-9ADC-A6EB5995A1B0}.Debug|Any CPU.ActiveCfg = Debug|Any CPU
		{A34415A1-2E7E-4721-9ADC-A6EB5995A1B0}.Debug|Any CPU.Build.0 = Debug|Any CPU
		{A34415A1-2E7E-4721-9ADC-A6EB5995A1B0}.Release|Any CPU.ActiveCfg = Release|Any CPU
		{A34415A1-2E7E-4721-9ADC-A6EB5995A1B0}.Release|Any CPU.Build.0 = Release|Any CPU
		{36F3572A-CD50-4E41-8883-1DBA830FDD30}.Debug|Any CPU.ActiveCfg = Debug|Any CPU
		{36F3572A-CD50-4E41-8883-1DBA830FDD30}.Debug|Any CPU.Build.0 = Debug|Any CPU
		{36F3572A-CD50-4E41-8883-1DBA830FDD30}.Release|Any CPU.ActiveCfg = Release|Any CPU
		{36F3572A-CD50-4E41-8883-1DBA830FDD30}.Release|Any CPU.Build.0 = Release|Any CPU
		{8572A738-3840-4D4A-85C0-81BD77610D9B}.Debug|Any CPU.ActiveCfg = Debug|Any CPU
		{8572A738-3840-4D4A-85C0-81BD77610D9B}.Debug|Any CPU.Build.0 = Debug|Any CPU
		{8572A738-3840-4D4A-85C0-81BD77610D9B}.Release|Any CPU.ActiveCfg = Release|Any CPU
		{8572A738-3840-4D4A-85C0-81BD77610D9B}.Release|Any CPU.Build.0 = Release|Any CPU
	EndGlobalSection
	GlobalSection(SolutionProperties) = preSolution
		HideSolutionNode = FALSE
	EndGlobalSection
	GlobalSection(ExtensibilityGlobals) = postSolution
		SolutionGuid = {4455B42C-1752-460C-A632-28476C19F865}
	EndGlobalSection
EndGlobal
